
Microsoft Visual Studio Solution File, Format Version 12.00
# Visual Studio Version 17
VisualStudioVersion = 17.9.34622.214
MinimumVisualStudioVersion = 10.0.40219.1
Project("{9A19103F-16F7-4668-BE54-9A1E7A4F7556}") = "ygBlog", "ygBlog\ygBlog.csproj", "{8C7CC6C7-1D22-4D1C-B60A-BF9D6A70B19C}"
EndProject
Project("{9A19103F-16F7-4668-BE54-9A1E7A4F7556}") = "DBConvert", "DBConvert\DBConvert.csproj", "{BDBF4F5F-61A6-4FD5-8993-AEAFCD36CFC6}"
EndProject
Global
	GlobalSection(SolutionConfigurationPlatforms) = preSolution
		Debug|Any CPU = Debug|Any CPU
		Release|Any CPU = Release|Any CPU
	EndGlobalSection
	GlobalSection(ProjectConfigurationPlatforms) = postSolution
		{8C7CC6C7-1D22-4D1C-B60A-BF9D6A70B19C}.Debug|Any CPU.ActiveCfg = Debug|Any CPU
		{8C7CC6C7-1D22-4D1C-B60A-BF9D6A70B19C}.Debug|Any CPU.Build.0 = Debug|Any CPU
		{8C7CC6C7-1D22-4D1C-B60A-BF9D6A70B19C}.Release|Any CPU.ActiveCfg = Release|Any CPU
		{8C7CC6C7-1D22-4D1C-B60A-BF9D6A70B19C}.Release|Any CPU.Build.0 = Release|Any CPU
		{BDBF4F5F-61A6-4FD5-8993-AEAFCD36CFC6}.Debug|Any CPU.ActiveCfg = Debug|Any CPU
		{BDBF4F5F-61A6-4FD5-8993-AEAFCD36CFC6}.Debug|Any CPU.Build.0 = Debug|Any CPU
		{BDBF4F5F-61A6-4FD5-8993-AEAFCD36CFC6}.Release|Any CPU.ActiveCfg = Release|Any CPU
		{BDBF4F5F-61A6-4FD5-8993-AEAFCD36CFC6}.Release|Any CPU.Build.0 = Release|Any CPU
	EndGlobalSection
	GlobalSection(SolutionProperties) = preSolution
		HideSolutionNode = FALSE
	EndGlobalSection
	GlobalSection(ExtensibilityGlobals) = postSolution
		SolutionGuid = {044D41CB-FF63-46B0-9316-C99D36019EB6}
	EndGlobalSection
EndGlobal
